
Microsoft Visual Studio Solution File, Format Version 12.00
# Visual Studio Version 18
VisualStudioVersion = 18.0.11222.15
MinimumVisualStudioVersion = 10.0.40219.1
Project("{2150E333-8FDC-42A3-9474-1A3956D46DE8}") = "src", "src", "{834C4270-3BD8-489D-8204-4EA1DB7D5093}"
EndProject
Project("{FAE04EC0-301F-11D3-BF4B-00C04F79EFBC}") = "Day1", "src\Day1\Day1.csproj", "{89E271E9-5F17-44A5-9FFC-830AFF3899DC}"
EndProject
Project("{FAE04EC0-301F-11D3-BF4B-00C04F79EFBC}") = "Day2", "src\Day2\Day2.csproj", "{8FBF3459-A1EB-431B-8F4C-5319E0335A81}"
EndProject
Project("{FAE04EC0-301F-11D3-BF4B-00C04F79EFBC}") = "Day3", "src\Day3\Day3.csproj", "{1FBE02FA-3A36-498D-BFAB-888836A418C3}"
EndProject
Project("{FAE04EC0-301F-11D3-BF4B-00C04F79EFBC}") = "Day4", "src\Day4\Day4.csproj", "{8763486D-93D0-4259-ACB0-54E35C3D0A28}"
EndProject
Project("{FAE04EC0-301F-11D3-BF4B-00C04F79EFBC}") = "Day5", "src\Day5\Day5.csproj", "{257B1D48-6ED4-4804-89D9-6133F2C1ADA0}"
EndProject
Project("{FAE04EC0-301F-11D3-BF4B-00C04F79EFBC}") = "Day6", "src\Day6\Day6.csproj", "{A8B091BA-68C5-4B8E-9B2D-A1152D79C8C1}"
EndProject
Project("{FAE04EC0-301F-11D3-BF4B-00C04F79EFBC}") = "Day7", "src\Day7\Day7.csproj", "{002CFBB4-9E4B-4B97-A643-F78CD5F81A35}"
EndProject
Project("{FAE04EC0-301F-11D3-BF4B-00C04F79EFBC}") = "Day8", "src\Day8\Day8.csproj", "{C6D3F372-C9DC-422B-A3A3-33CC7BD18CD0}"
EndProject
Project("{FAE04EC0-301F-11D3-BF4B-00C04F79EFBC}") = "Day9", "src\Day9\Day9.csproj", "{65E7D651-A479-47E3-AAB6-FC0ED6464727}"
EndProject
Project("{FAE04EC0-301F-11D3-BF4B-00C04F79EFBC}") = "Day10", "src\Day10\Day10.csproj", "{ABD11F72-6C28-45A1-8C39-1A91561C0BBD}"
EndProject
Project("{FAE04EC0-301F-11D3-BF4B-00C04F79EFBC}") = "Day11", "src\Day11\Day11.csproj", "{5AEF7293-CC75-447D-9A50-A1A8CBD17AC5}"
EndProject
Project("{FAE04EC0-301F-11D3-BF4B-00C04F79EFBC}") = "Day12", "src\Day12\Day12.csproj", "{B8CAE482-370F-4876-BA52-60C84FEE7E97}"
EndProject
Global
	GlobalSection(SolutionConfigurationPlatforms) = preSolution
		Debug|Any CPU = Debug|Any CPU
		Debug|x64 = Debug|x64
		Debug|x86 = Debug|x86
		Release|Any CPU = Release|Any CPU
		Release|x64 = Release|x64
		Release|x86 = Release|x86
	EndGlobalSection
	GlobalSection(ProjectConfigurationPlatforms) = postSolution
		{89E271E9-5F17-44A5-9FFC-830AFF3899DC}.Debug|Any CPU.ActiveCfg = Debug|Any CPU
		{89E271E9-5F17-44A5-9FFC-830AFF3899DC}.Debug|Any CPU.Build.0 = Debug|Any CPU
		{89E271E9-5F17-44A5-9FFC-830AFF3899DC}.Debug|x64.ActiveCfg = Debug|Any CPU
		{89E271E9-5F17-44A5-9FFC-830AFF3899DC}.Debug|x64.Build.0 = Debug|Any CPU
		{89E271E9-5F17-44A5-9FFC-830AFF3899DC}.Debug|x86.ActiveCfg = Debug|Any CPU
		{89E271E9-5F17-44A5-9FFC-830AFF3899DC}.Debug|x86.Build.0 = Debug|Any CPU
		{89E271E9-5F17-44A5-9FFC-830AFF3899DC}.Release|Any CPU.ActiveCfg = Release|Any CPU
		{89E271E9-5F17-44A5-9FFC-830AFF3899DC}.Release|Any CPU.Build.0 = Release|Any CPU
		{89E271E9-5F17-44A5-9FFC-830AFF3899DC}.Release|x64.ActiveCfg = Release|Any CPU
		{89E271E9-5F17-44A5-9FFC-830AFF3899DC}.Release|x64.Build.0 = Release|Any CPU
		{89E271E9-5F17-44A5-9FFC-830AFF3899DC}.Release|x86.ActiveCfg = Release|Any CPU
		{89E271E9-5F17-44A5-9FFC-830AFF3899DC}.Release|x86.Build.0 = Release|Any CPU
		{8FBF3459-A1EB-431B-8F4C-5319E0335A81}.Debug|Any CPU.ActiveCfg = Debug|Any CPU
		{8FBF3459-A1EB-431B-8F4C-5319E0335A81}.Debug|Any CPU.Build.0 = Debug|Any CPU
		{8FBF3459-A1EB-431B-8F4C-5319E0335A81}.Debug|x64.ActiveCfg = Debug|Any CPU
		{8FBF3459-A1EB-431B-8F4C-5319E0335A81}.Debug|x64.Build.0 = Debug|Any CPU
		{8FBF3459-A1EB-431B-8F4C-5319E0335A81}.Debug|x86.ActiveCfg = Debug|Any CPU
		{8FBF3459-A1EB-431B-8F4C-5319E0335A81}.Debug|x86.Build.0 = Debug|Any CPU
		{8FBF3459-A1EB-431B-8F4C-5319E0335A81}.Release|Any CPU.ActiveCfg = Release|Any CPU
		{8FBF3459-A1EB-431B-8F4C-5319E0335A81}.Release|Any CPU.Build.0 = Release|Any CPU
		{8FBF3459-A1EB-431B-8F4C-5319E0335A81}.Release|x64.ActiveCfg = Release|Any CPU
		{8FBF3459-A1EB-431B-8F4C-5319E0335A81}.Release|x64.Build.0 = Release|Any CPU
		{8FBF3459-A1EB-431B-8F4C-5319E0335A81}.Release|x86.ActiveCfg = Release|Any CPU
		{8FBF3459-A1EB-431B-8F4C-5319E0335A81}.Release|x86.Build.0 = Release|Any CPU
		{1FBE02FA-3A36-498D-BFAB-888836A418C3}.Debug|Any CPU.ActiveCfg = Debug|Any CPU
		{1FBE02FA-3A36-498D-BFAB-888836A418C3}.Debug|Any CPU.Build.0 = Debug|Any CPU
		{1FBE02FA-3A36-498D-BFAB-888836A418C3}.Debug|x64.ActiveCfg = Debug|Any CPU
		{1FBE02FA-3A36-498D-BFAB-888836A418C3}.Debug|x64.Build.0 = Debug|Any CPU
		{1FBE02FA-3A36-498D-BFAB-888836A418C3}.Debug|x86.ActiveCfg = Debug|Any CPU
		{1FBE02FA-3A36-498D-BFAB-888836A418C3}.Debug|x86.Build.0 = Debug|Any CPU
		{1FBE02FA-3A36-498D-BFAB-888836A418C3}.Release|Any CPU.ActiveCfg = Release|Any CPU
		{1FBE02FA-3A36-498D-BFAB-888836A418C3}.Release|Any CPU.Build.0 = Release|Any CPU
		{1FBE02FA-3A36-498D-BFAB-888836A418C3}.Release|x64.ActiveCfg = Release|Any CPU
		{1FBE02FA-3A36-498D-BFAB-888836A418C3}.Release|x64.Build.0 = Release|Any CPU
		{1FBE02FA-3A36-498D-BFAB-888836A418C3}.Release|x86.ActiveCfg = Release|Any CPU
		{1FBE02FA-3A36-498D-BFAB-888836A418C3}.Release|x86.Build.0 = Release|Any CPU
		{8763486D-93D0-4259-ACB0-54E35C3D0A28}.Debug|Any CPU.ActiveCfg = Debug|Any CPU
		{8763486D-93D0-4259-ACB0-54E35C3D0A28}.Debug|Any CPU.Build.0 = Debug|Any CPU
		{8763486D-93D0-4259-ACB0-54E35C3D0A28}.Debug|x64.ActiveCfg = Debug|Any CPU
		{8763486D-93D0-4259-ACB0-54E35C3D0A28}.Debug|x64.Build.0 = Debug|Any CPU
		{8763486D-93D0-4259-ACB0-54E35C3D0A28}.Debug|x86.ActiveCfg = Debug|Any CPU
		{8763486D-93D0-4259-ACB0-54E35C3D0A28}.Debug|x86.Build.0 = Debug|Any CPU
		{8763486D-93D0-4259-ACB0-54E35C3D0A28}.Release|Any CPU.ActiveCfg = Release|Any CPU
		{8763486D-93D0-4259-ACB0-54E35C3D0A28}.Release|Any CPU.Build.0 = Release|Any CPU
		{8763486D-93D0-4259-ACB0-54E35C3D0A28}.Release|x64.ActiveCfg = Release|Any CPU
		{8763486D-93D0-4259-ACB0-54E35C3D0A28}.Release|x64.Build.0 = Release|Any CPU
		{8763486D-93D0-4259-ACB0-54E35C3D0A28}.Release|x86.ActiveCfg = Release|Any CPU
		{8763486D-93D0-4259-ACB0-54E35C3D0A28}.Release|x86.Build.0 = Release|Any CPU
		{257B1D48-6ED4-4804-89D9-6133F2C1ADA0}.Debug|Any CPU.ActiveCfg = Debug|Any CPU
		{257B1D48-6ED4-4804-89D9-6133F2C1ADA0}.Debug|Any CPU.Build.0 = Debug|Any CPU
		{257B1D48-6ED4-4804-89D9-6133F2C1ADA0}.Debug|x64.ActiveCfg = Debug|Any CPU
		{257B1D48-6ED4-4804-89D9-6133F2C1ADA0}.Debug|x64.Build.0 = Debug|Any CPU
		{257B1D48-6ED4-4804-89D9-6133F2C1ADA0}.Debug|x86.ActiveCfg = Debug|Any CPU
		{257B1D48-6ED4-4804-89D9-6133F2C1ADA0}.Debug|x86.Build.0 = Debug|Any CPU
		{257B1D48-6ED4-4804-89D9-6133F2C1ADA0}.Release|Any CPU.ActiveCfg = Release|Any CPU
		{257B1D48-6ED4-4804-89D9-6133F2C1ADA0}.Release|Any CPU.Build.0 = Release|Any CPU
		{257B1D48-6ED4-4804-89D9-6133F2C1ADA0}.Release|x64.ActiveCfg = Release|Any CPU
		{257B1D48-6ED4-4804-89D9-6133F2C1ADA0}.Release|x64.Build.0 = Release|Any CPU
		{257B1D48-6ED4-4804-89D9-6133F2C1ADA0}.Release|x86.ActiveCfg = Release|Any CPU
		{257B1D48-6ED4-4804-89D9-6133F2C1ADA0}.Release|x86.Build.0 = Release|Any CPU
		{A8B091BA-68C5-4B8E-9B2D-A1152D79C8C1}.Debug|Any CPU.ActiveCfg = Debug|Any CPU
		{A8B091BA-68C5-4B8E-9B2D-A1152D79C8C1}.Debug|Any CPU.Build.0 = Debug|Any CPU
		{A8B091BA-68C5-4B8E-9B2D-A1152D79C8C1}.Debug|x64.ActiveCfg = Debug|Any CPU
		{A8B091BA-68C5-4B8E-9B2D-A1152D79C8C1}.Debug|x64.Build.0 = Debug|Any CPU
		{A8B091BA-68C5-4B8E-9B2D-A1152D79C8C1}.Debug|x86.ActiveCfg = Debug|Any CPU
		{A8B091BA-68C5-4B8E-9B2D-A1152D79C8C1}.Debug|x86.Build.0 = Debug|Any CPU
		{A8B091BA-68C5-4B8E-9B2D-A1152D79C8C1}.Release|Any CPU.ActiveCfg = Release|Any CPU
		{A8B091BA-68C5-4B8E-9B2D-A1152D79C8C1}.Release|Any CPU.Build.0 = Release|Any CPU
		{A8B091BA-68C5-4B8E-9B2D-A1152D79C8C1}.Release|x64.ActiveCfg = Release|Any CPU
		{A8B091BA-68C5-4B8E-9B2D-A1152D79C8C1}.Release|x64.Build.0 = Release|Any CPU
		{A8B091BA-68C5-4B8E-9B2D-A1152D79C8C1}.Release|x86.ActiveCfg = Release|Any CPU
		{A8B091BA-68C5-4B8E-9B2D-A1152D79C8C1}.Release|x86.Build.0 = Release|Any CPU
		{002CFBB4-9E4B-4B97-A643-F78CD5F81A35}.Debug|Any CPU.ActiveCfg = Debug|Any CPU
		{002CFBB4-9E4B-4B97-A643-F78CD5F81A35}.Debug|Any CPU.Build.0 = Debug|Any CPU
		{002CFBB4-9E4B-4B97-A643-F78CD5F81A35}.Debug|x64.ActiveCfg = Debug|Any CPU
		{002CFBB4-9E4B-4B97-A643-F78CD5F81A35}.Debug|x64.Build.0 = Debug|Any CPU
		{002CFBB4-9E4B-4B97-A643-F78CD5F81A35}.Debug|x86.ActiveCfg = Debug|Any CPU
		{002CFBB4-9E4B-4B97-A643-F78CD5F81A35}.Debug|x86.Build.0 = Debug|Any CPU
		{002CFBB4-9E4B-4B97-A643-F78CD5F81A35}.Release|Any CPU.ActiveCfg = Release|Any CPU
		{002CFBB4-9E4B-4B97-A643-F78CD5F81A35}.Release|Any CPU.Build.0 = Release|Any CPU
		{002CFBB4-9E4B-4B97-A643-F78CD5F81A35}.Release|x64.ActiveCfg = Release|Any CPU
		{002CFBB4-9E4B-4B97-A643-F78CD5F81A35}.Release|x64.Build.0 = Release|Any CPU
		{002CFBB4-9E4B-4B97-A643-F78CD5F81A35}.Release|x86.ActiveCfg = Release|Any CPU
		{002CFBB4-9E4B-4B97-A643-F78CD5F81A35}.Release|x86.Build.0 = Release|Any CPU
		{C6D3F372-C9DC-422B-A3A3-33CC7BD18CD0}.Debug|Any CPU.ActiveCfg = Debug|Any CPU
		{C6D3F372-C9DC-422B-A3A3-33CC7BD18CD0}.Debug|Any CPU.Build.0 = Debug|Any CPU
		{C6D3F372-C9DC-422B-A3A3-33CC7BD18CD0}.Debug|x64.ActiveCfg = Debug|Any CPU
		{C6D3F372-C9DC-422B-A3A3-33CC7BD18CD0}.Debug|x64.Build.0 = Debug|Any CPU
		{C6D3F372-C9DC-422B-A3A3-33CC7BD18CD0}.Debug|x86.ActiveCfg = Debug|Any CPU
		{C6D3F372-C9DC-422B-A3A3-33CC7BD18CD0}.Debug|x86.Build.0 = Debug|Any CPU
		{C6D3F372-C9DC-422B-A3A3-33CC7BD18CD0}.Release|Any CPU.ActiveCfg = Release|Any CPU
		{C6D3F372-C9DC-422B-A3A3-33CC7BD18CD0}.Release|Any CPU.Build.0 = Release|Any CPU
		{C6D3F372-C9DC-422B-A3A3-33CC7BD18CD0}.Release|x64.ActiveCfg = Release|Any CPU
		{C6D3F372-C9DC-422B-A3A3-33CC7BD18CD0}.Release|x64.Build.0 = Release|Any CPU
		{C6D3F372-C9DC-422B-A3A3-33CC7BD18CD0}.Release|x86.ActiveCfg = Release|Any CPU
		{C6D3F372-C9DC-422B-A3A3-33CC7BD18CD0}.Release|x86.Build.0 = Release|Any CPU
		{65E7D651-A479-47E3-AAB6-FC0ED6464727}.Debug|Any CPU.ActiveCfg = Debug|Any CPU
		{65E7D651-A479-47E3-AAB6-FC0ED6464727}.Debug|Any CPU.Build.0 = Debug|Any CPU
		{65E7D651-A479-47E3-AAB6-FC0ED6464727}.Debug|x64.ActiveCfg = Debug|Any CPU
		{65E7D651-A479-47E3-AAB6-FC0ED6464727}.Debug|x64.Build.0 = Debug|Any CPU
		{65E7D651-A479-47E3-AAB6-FC0ED6464727}.Debug|x86.ActiveCfg = Debug|Any CPU
		{65E7D651-A479-47E3-AAB6-FC0ED6464727}.Debug|x86.Build.0 = Debug|Any CPU
		{65E7D651-A479-47E3-AAB6-FC0ED6464727}.Release|Any CPU.ActiveCfg = Release|Any CPU
		{65E7D651-A479-47E3-AAB6-FC0ED6464727}.Release|Any CPU.Build.0 = Release|Any CPU
		{65E7D651-A479-47E3-AAB6-FC0ED6464727}.Release|x64.ActiveCfg = Release|Any CPU
		{65E7D651-A479-47E3-AAB6-FC0ED6464727}.Release|x64.Build.0 = Release|Any CPU
		{65E7D651-A479-47E3-AAB6-FC0ED6464727}.Release|x86.ActiveCfg = Release|Any CPU
		{65E7D651-A479-47E3-AAB6-FC0ED6464727}.Release|x86.Build.0 = Release|Any CPU
		{ABD11F72-6C28-45A1-8C39-1A91561C0BBD}.Debug|Any CPU.ActiveCfg = Debug|Any CPU
		{ABD11F72-6C28-45A1-8C39-1A91561C0BBD}.Debug|Any CPU.Build.0 = Debug|Any CPU
		{ABD11F72-6C28-45A1-8C39-1A91561C0BBD}.Debug|x64.ActiveCfg = Debug|Any CPU
		{ABD11F72-6C28-45A1-8C39-1A91561C0BBD}.Debug|x64.Build.0 = Debug|Any CPU
		{ABD11F72-6C28-45A1-8C39-1A91561C0BBD}.Debug|x86.ActiveCfg = Debug|Any CPU
		{ABD11F72-6C28-45A1-8C39-1A91561C0BBD}.Debug|x86.Build.0 = Debug|Any CPU
		{ABD11F72-6C28-45A1-8C39-1A91561C0BBD}.Release|Any CPU.ActiveCfg = Release|Any CPU
		{ABD11F72-6C28-45A1-8C39-1A91561C0BBD}.Release|Any CPU.Build.0 = Release|Any CPU
		{ABD11F72-6C28-45A1-8C39-1A91561C0BBD}.Release|x64.ActiveCfg = Release|Any CPU
		{ABD11F72-6C28-45A1-8C39-1A91561C0BBD}.Release|x64.Build.0 = Release|Any CPU
		{ABD11F72-6C28-45A1-8C39-1A91561C0BBD}.Release|x86.ActiveCfg = Release|Any CPU
		{ABD11F72-6C28-45A1-8C39-1A91561C0BBD}.Release|x86.Build.0 = Release|Any CPU
		{5AEF7293-CC75-447D-9A50-A1A8CBD17AC5}.Debug|Any CPU.ActiveCfg = Debug|Any CPU
		{5AEF7293-CC75-447D-9A50-A1A8CBD17AC5}.Debug|Any CPU.Build.0 = Debug|Any CPU
		{5AEF7293-CC75-447D-9A50-A1A8CBD17AC5}.Debug|x64.ActiveCfg = Debug|Any CPU
		{5AEF7293-CC75-447D-9A50-A1A8CBD17AC5}.Debug|x64.Build.0 = Debug|Any CPU
		{5AEF7293-CC75-447D-9A50-A1A8CBD17AC5}.Debug|x86.ActiveCfg = Debug|Any CPU
		{5AEF7293-CC75-447D-9A50-A1A8CBD17AC5}.Debug|x86.Build.0 = Debug|Any CPU
		{5AEF7293-CC75-447D-9A50-A1A8CBD17AC5}.Release|Any CPU.ActiveCfg = Release|Any CPU
		{5AEF7293-CC75-447D-9A50-A1A8CBD17AC5}.Release|Any CPU.Build.0 = Release|Any CPU
		{5AEF7293-CC75-447D-9A50-A1A8CBD17AC5}.Release|x64.ActiveCfg = Release|Any CPU
		{5AEF7293-CC75-447D-9A50-A1A8CBD17AC5}.Release|x64.Build.0 = Release|Any CPU
		{5AEF7293-CC75-447D-9A50-A1A8CBD17AC5}.Release|x86.ActiveCfg = Release|Any CPU
		{5AEF7293-CC75-447D-9A50-A1A8CBD17AC5}.Release|x86.Build.0 = Release|Any CPU
		{B8CAE482-370F-4876-BA52-60C84FEE7E97}.Debug|Any CPU.ActiveCfg = Debug|Any CPU
		{B8CAE482-370F-4876-BA52-60C84FEE7E97}.Debug|Any CPU.Build.0 = Debug|Any CPU
		{B8CAE482-370F-4876-BA52-60C84FEE7E97}.Debug|x64.ActiveCfg = Debug|Any CPU
		{B8CAE482-370F-4876-BA52-60C84FEE7E97}.Debug|x64.Build.0 = Debug|Any CPU
		{B8CAE482-370F-4876-BA52-60C84FEE7E97}.Debug|x86.ActiveCfg = Debug|Any CPU
		{B8CAE482-370F-4876-BA52-60C84FEE7E97}.Debug|x86.Build.0 = Debug|Any CPU
		{B8CAE482-370F-4876-BA52-60C84FEE7E97}.Release|Any CPU.ActiveCfg = Release|Any CPU
		{B8CAE482-370F-4876-BA52-60C84FEE7E97}.Release|Any CPU.Build.0 = Release|Any CPU
		{B8CAE482-370F-4876-BA52-60C84FEE7E97}.Release|x64.ActiveCfg = Release|Any CPU
		{B8CAE482-370F-4876-BA52-60C84FEE7E97}.Release|x64.Build.0 = Release|Any CPU
		{B8CAE482-370F-4876-BA52-60C84FEE7E97}.Release|x86.ActiveCfg = Release|Any CPU
		{B8CAE482-370F-4876-BA52-60C84FEE7E97}.Release|x86.Build.0 = Release|Any CPU
	EndGlobalSection
	GlobalSection(SolutionProperties) = preSolution
		HideSolutionNode = FALSE
	EndGlobalSection
	GlobalSection(NestedProjects) = preSolution
		{89E271E9-5F17-44A5-9FFC-830AFF3899DC} = {834C4270-3BD8-489D-8204-4EA1DB7D5093}
		{8FBF3459-A1EB-431B-8F4C-5319E0335A81} = {834C4270-3BD8-489D-8204-4EA1DB7D5093}
		{1FBE02FA-3A36-498D-BFAB-888836A418C3} = {834C4270-3BD8-489D-8204-4EA1DB7D5093}
		{8763486D-93D0-4259-ACB0-54E35C3D0A28} = {834C4270-3BD8-489D-8204-4EA1DB7D5093}
		{257B1D48-6ED4-4804-89D9-6133F2C1ADA0} = {834C4270-3BD8-489D-8204-4EA1DB7D5093}
		{A8B091BA-68C5-4B8E-9B2D-A1152D79C8C1} = {834C4270-3BD8-489D-8204-4EA1DB7D5093}
		{002CFBB4-9E4B-4B97-A643-F78CD5F81A35} = {834C4270-3BD8-489D-8204-4EA1DB7D5093}
		{C6D3F372-C9DC-422B-A3A3-33CC7BD18CD0} = {834C4270-3BD8-489D-8204-4EA1DB7D5093}
		{65E7D651-A479-47E3-AAB6-FC0ED6464727} = {834C4270-3BD8-489D-8204-4EA1DB7D5093}
		{ABD11F72-6C28-45A1-8C39-1A91561C0BBD} = {834C4270-3BD8-489D-8204-4EA1DB7D5093}
		{5AEF7293-CC75-447D-9A50-A1A8CBD17AC5} = {834C4270-3BD8-489D-8204-4EA1DB7D5093}
		{B8CAE482-370F-4876-BA52-60C84FEE7E97} = {834C4270-3BD8-489D-8204-4EA1DB7D5093}
	EndGlobalSection
	GlobalSection(ExtensibilityGlobals) = postSolution
		SolutionGuid = {C11CA847-7D36-4FF3-A352-DF9051D0E556}
	EndGlobalSection
EndGlobal
