
Microsoft Visual Studio Solution File, Format Version 12.00
# Visual Studio Version 17
VisualStudioVersion = 17.0.31903.59
MinimumVisualStudioVersion = 10.0.40219.1
Project("{FAE04EC0-301F-11D3-BF4B-00C04F79EFBC}") = "Day1", "Day1\Day1.csproj", "{62C47690-BE90-468E-A5EE-78152B72C9CF}"
EndProject
Project("{FAE04EC0-301F-11D3-BF4B-00C04F79EFBC}") = "Day2", "Day2\Day2.csproj", "{6520E11E-0019-43DC-AA19-3D9817F1769C}"
EndProject
Project("{FAE04EC0-301F-11D3-BF4B-00C04F79EFBC}") = "Day3", "Day3\Day3.csproj", "{3C8D946C-3AE9-4E61-90E4-D031013DC630}"
EndProject
Project("{FAE04EC0-301F-11D3-BF4B-00C04F79EFBC}") = "Day4", "Day4\Day4.csproj", "{1FF05101-01A4-4E12-B48F-BB09906F32A0}"
EndProject
Project("{FAE04EC0-301F-11D3-BF4B-00C04F79EFBC}") = "Day5", "Day5\Day5.csproj", "{BE4A314A-91CA-4032-87A5-FACEC4F11153}"
EndProject
Project("{FAE04EC0-301F-11D3-BF4B-00C04F79EFBC}") = "Day6", "Day6\Day6.csproj", "{7CDADF78-AD9F-4E2B-89CE-24D795B7DAF2}"
EndProject
Project("{FAE04EC0-301F-11D3-BF4B-00C04F79EFBC}") = "Day7", "Day7\Day7.csproj", "{EB58BC0C-DCB4-434C-A28C-3D824BAC6807}"
EndProject
Project("{FAE04EC0-301F-11D3-BF4B-00C04F79EFBC}") = "AdventOfCode_Benchmarks", "AdventOfCode_Benchmarks\AdventOfCode_Benchmarks.csproj", "{4BB73245-2FB2-4DB1-BDE4-385E05F7BA5F}"
EndProject
Project("{FAE04EC0-301F-11D3-BF4B-00C04F79EFBC}") = "AdventOfCode.Helpers", "AdventOfCode.Helpers\AdventOfCode.Helpers.csproj", "{33595CB7-03B8-472E-A09B-A1DC7008C29D}"
EndProject
Project("{FAE04EC0-301F-11D3-BF4B-00C04F79EFBC}") = "Day8", "Day8\Day8.csproj", "{6437845E-95A2-4195-A0D1-389B6E782E4A}"
EndProject
Project("{2150E333-8FDC-42A3-9474-1A3956D46DE8}") = "Solution Items", "Solution Items", "{7D81A420-FB8E-4FB3-BDE8-C3A3633F456A}"
EndProject
Project("{FAE04EC0-301F-11D3-BF4B-00C04F79EFBC}") = "Day9", "Day9\Day9.csproj", "{76CF6D5E-C857-4224-9B65-FF828A370B49}"
EndProject
Project("{FAE04EC0-301F-11D3-BF4B-00C04F79EFBC}") = "Day10", "Day10\Day10.csproj", "{F7914C29-C3A9-4895-9716-43247E6191BF}"
EndProject
Project("{FAE04EC0-301F-11D3-BF4B-00C04F79EFBC}") = "Day11", "Day11\Day11.csproj", "{01A07DFD-5EDB-4DE0-8DA4-3237519D55A9}"
EndProject
Project("{FAE04EC0-301F-11D3-BF4B-00C04F79EFBC}") = "Day12", "Day12\Day12.csproj", "{EA0E31AB-81F9-4F8E-AF34-95801601547E}"
EndProject
Project("{FAE04EC0-301F-11D3-BF4B-00C04F79EFBC}") = "Day13", "Day13\Day13.csproj", "{3973858E-E62D-4AAF-AC47-AD6EE1667E1C}"
EndProject
Project("{FAE04EC0-301F-11D3-BF4B-00C04F79EFBC}") = "Day14", "Day14\Day14.csproj", "{AF6772A4-CFEE-4253-9DF8-C15243FD6A1F}"
EndProject
Project("{FAE04EC0-301F-11D3-BF4B-00C04F79EFBC}") = "Day15", "Day15\Day15.csproj", "{E2E44743-EF8F-4177-8C17-60BACE8C8CE2}"
EndProject
Global
	GlobalSection(SolutionConfigurationPlatforms) = preSolution
		Debug|Any CPU = Debug|Any CPU
		Release|Any CPU = Release|Any CPU
	EndGlobalSection
	GlobalSection(ProjectConfigurationPlatforms) = postSolution
		{62C47690-BE90-468E-A5EE-78152B72C9CF}.Debug|Any CPU.ActiveCfg = Debug|Any CPU
		{62C47690-BE90-468E-A5EE-78152B72C9CF}.Debug|Any CPU.Build.0 = Debug|Any CPU
		{62C47690-BE90-468E-A5EE-78152B72C9CF}.Release|Any CPU.ActiveCfg = Release|Any CPU
		{62C47690-BE90-468E-A5EE-78152B72C9CF}.Release|Any CPU.Build.0 = Release|Any CPU
		{6520E11E-0019-43DC-AA19-3D9817F1769C}.Debug|Any CPU.ActiveCfg = Debug|Any CPU
		{6520E11E-0019-43DC-AA19-3D9817F1769C}.Debug|Any CPU.Build.0 = Debug|Any CPU
		{6520E11E-0019-43DC-AA19-3D9817F1769C}.Release|Any CPU.ActiveCfg = Release|Any CPU
		{6520E11E-0019-43DC-AA19-3D9817F1769C}.Release|Any CPU.Build.0 = Release|Any CPU
		{3C8D946C-3AE9-4E61-90E4-D031013DC630}.Debug|Any CPU.ActiveCfg = Debug|Any CPU
		{3C8D946C-3AE9-4E61-90E4-D031013DC630}.Debug|Any CPU.Build.0 = Debug|Any CPU
		{3C8D946C-3AE9-4E61-90E4-D031013DC630}.Release|Any CPU.ActiveCfg = Release|Any CPU
		{3C8D946C-3AE9-4E61-90E4-D031013DC630}.Release|Any CPU.Build.0 = Release|Any CPU
		{1FF05101-01A4-4E12-B48F-BB09906F32A0}.Debug|Any CPU.ActiveCfg = Debug|Any CPU
		{1FF05101-01A4-4E12-B48F-BB09906F32A0}.Debug|Any CPU.Build.0 = Debug|Any CPU
		{1FF05101-01A4-4E12-B48F-BB09906F32A0}.Release|Any CPU.ActiveCfg = Release|Any CPU
		{1FF05101-01A4-4E12-B48F-BB09906F32A0}.Release|Any CPU.Build.0 = Release|Any CPU
		{BE4A314A-91CA-4032-87A5-FACEC4F11153}.Debug|Any CPU.ActiveCfg = Debug|Any CPU
		{BE4A314A-91CA-4032-87A5-FACEC4F11153}.Debug|Any CPU.Build.0 = Debug|Any CPU
		{BE4A314A-91CA-4032-87A5-FACEC4F11153}.Release|Any CPU.ActiveCfg = Release|Any CPU
		{BE4A314A-91CA-4032-87A5-FACEC4F11153}.Release|Any CPU.Build.0 = Release|Any CPU
		{7CDADF78-AD9F-4E2B-89CE-24D795B7DAF2}.Debug|Any CPU.ActiveCfg = Debug|Any CPU
		{7CDADF78-AD9F-4E2B-89CE-24D795B7DAF2}.Debug|Any CPU.Build.0 = Debug|Any CPU
		{7CDADF78-AD9F-4E2B-89CE-24D795B7DAF2}.Release|Any CPU.ActiveCfg = Release|Any CPU
		{7CDADF78-AD9F-4E2B-89CE-24D795B7DAF2}.Release|Any CPU.Build.0 = Release|Any CPU
		{EB58BC0C-DCB4-434C-A28C-3D824BAC6807}.Debug|Any CPU.ActiveCfg = Debug|Any CPU
		{EB58BC0C-DCB4-434C-A28C-3D824BAC6807}.Debug|Any CPU.Build.0 = Debug|Any CPU
		{EB58BC0C-DCB4-434C-A28C-3D824BAC6807}.Release|Any CPU.ActiveCfg = Release|Any CPU
		{EB58BC0C-DCB4-434C-A28C-3D824BAC6807}.Release|Any CPU.Build.0 = Release|Any CPU
		{4BB73245-2FB2-4DB1-BDE4-385E05F7BA5F}.Debug|Any CPU.ActiveCfg = Debug|Any CPU
		{4BB73245-2FB2-4DB1-BDE4-385E05F7BA5F}.Debug|Any CPU.Build.0 = Debug|Any CPU
		{4BB73245-2FB2-4DB1-BDE4-385E05F7BA5F}.Release|Any CPU.ActiveCfg = Release|Any CPU
		{4BB73245-2FB2-4DB1-BDE4-385E05F7BA5F}.Release|Any CPU.Build.0 = Release|Any CPU
		{33595CB7-03B8-472E-A09B-A1DC7008C29D}.Debug|Any CPU.ActiveCfg = Debug|Any CPU
		{33595CB7-03B8-472E-A09B-A1DC7008C29D}.Debug|Any CPU.Build.0 = Debug|Any CPU
		{33595CB7-03B8-472E-A09B-A1DC7008C29D}.Release|Any CPU.ActiveCfg = Release|Any CPU
		{33595CB7-03B8-472E-A09B-A1DC7008C29D}.Release|Any CPU.Build.0 = Release|Any CPU
		{6437845E-95A2-4195-A0D1-389B6E782E4A}.Debug|Any CPU.ActiveCfg = Debug|Any CPU
		{6437845E-95A2-4195-A0D1-389B6E782E4A}.Debug|Any CPU.Build.0 = Debug|Any CPU
		{6437845E-95A2-4195-A0D1-389B6E782E4A}.Release|Any CPU.ActiveCfg = Release|Any CPU
		{6437845E-95A2-4195-A0D1-389B6E782E4A}.Release|Any CPU.Build.0 = Release|Any CPU
		{76CF6D5E-C857-4224-9B65-FF828A370B49}.Debug|Any CPU.ActiveCfg = Debug|Any CPU
		{76CF6D5E-C857-4224-9B65-FF828A370B49}.Debug|Any CPU.Build.0 = Debug|Any CPU
		{76CF6D5E-C857-4224-9B65-FF828A370B49}.Release|Any CPU.ActiveCfg = Release|Any CPU
		{76CF6D5E-C857-4224-9B65-FF828A370B49}.Release|Any CPU.Build.0 = Release|Any CPU
		{F7914C29-C3A9-4895-9716-43247E6191BF}.Debug|Any CPU.ActiveCfg = Debug|Any CPU
		{F7914C29-C3A9-4895-9716-43247E6191BF}.Debug|Any CPU.Build.0 = Debug|Any CPU
		{F7914C29-C3A9-4895-9716-43247E6191BF}.Release|Any CPU.ActiveCfg = Release|Any CPU
		{F7914C29-C3A9-4895-9716-43247E6191BF}.Release|Any CPU.Build.0 = Release|Any CPU
		{01A07DFD-5EDB-4DE0-8DA4-3237519D55A9}.Debug|Any CPU.ActiveCfg = Debug|Any CPU
		{01A07DFD-5EDB-4DE0-8DA4-3237519D55A9}.Debug|Any CPU.Build.0 = Debug|Any CPU
		{01A07DFD-5EDB-4DE0-8DA4-3237519D55A9}.Release|Any CPU.ActiveCfg = Release|Any CPU
		{01A07DFD-5EDB-4DE0-8DA4-3237519D55A9}.Release|Any CPU.Build.0 = Release|Any CPU
		{EA0E31AB-81F9-4F8E-AF34-95801601547E}.Debug|Any CPU.ActiveCfg = Debug|Any CPU
		{EA0E31AB-81F9-4F8E-AF34-95801601547E}.Debug|Any CPU.Build.0 = Debug|Any CPU
		{EA0E31AB-81F9-4F8E-AF34-95801601547E}.Release|Any CPU.ActiveCfg = Release|Any CPU
		{EA0E31AB-81F9-4F8E-AF34-95801601547E}.Release|Any CPU.Build.0 = Release|Any CPU
		{3973858E-E62D-4AAF-AC47-AD6EE1667E1C}.Debug|Any CPU.ActiveCfg = Debug|Any CPU
		{3973858E-E62D-4AAF-AC47-AD6EE1667E1C}.Debug|Any CPU.Build.0 = Debug|Any CPU
		{3973858E-E62D-4AAF-AC47-AD6EE1667E1C}.Release|Any CPU.ActiveCfg = Release|Any CPU
		{3973858E-E62D-4AAF-AC47-AD6EE1667E1C}.Release|Any CPU.Build.0 = Release|Any CPU
		{AF6772A4-CFEE-4253-9DF8-C15243FD6A1F}.Debug|Any CPU.ActiveCfg = Debug|Any CPU
		{AF6772A4-CFEE-4253-9DF8-C15243FD6A1F}.Debug|Any CPU.Build.0 = Debug|Any CPU
		{AF6772A4-CFEE-4253-9DF8-C15243FD6A1F}.Release|Any CPU.ActiveCfg = Release|Any CPU
		{AF6772A4-CFEE-4253-9DF8-C15243FD6A1F}.Release|Any CPU.Build.0 = Release|Any CPU
		{E2E44743-EF8F-4177-8C17-60BACE8C8CE2}.Debug|Any CPU.ActiveCfg = Debug|Any CPU
		{E2E44743-EF8F-4177-8C17-60BACE8C8CE2}.Debug|Any CPU.Build.0 = Debug|Any CPU
		{E2E44743-EF8F-4177-8C17-60BACE8C8CE2}.Release|Any CPU.ActiveCfg = Release|Any CPU
		{E2E44743-EF8F-4177-8C17-60BACE8C8CE2}.Release|Any CPU.Build.0 = Release|Any CPU
	EndGlobalSection
	GlobalSection(SolutionProperties) = preSolution
		HideSolutionNode = FALSE
	EndGlobalSection
EndGlobal
